
Microsoft Visual Studio Solution File, Format Version 12.00
# Visual Studio Version 17
VisualStudioVersion = 17.7.34031.279
MinimumVisualStudioVersion = 10.0.40219.1
Project("{FAE04EC0-301F-11D3-BF4B-00C04F79EFBC}") = "QLXE_WF", "QLXE_WF\QLXE_WF.csproj", "{C1F77D4D-F813-49EA-8C91-444E1CB0BCAE}"
EndProject
Global
	GlobalSection(SolutionConfigurationPlatforms) = preSolution
		Debug|Any CPU = Debug|Any CPU
		Release|Any CPU = Release|Any CPU
	EndGlobalSection
	GlobalSection(ProjectConfigurationPlatforms) = postSolution
		{C1F77D4D-F813-49EA-8C91-444E1CB0BCAE}.Debug|Any CPU.ActiveCfg = Debug|Any CPU
		{C1F77D4D-F813-49EA-8C91-444E1CB0BCAE}.Debug|Any CPU.Build.0 = Debug|Any CPU
		{C1F77D4D-F813-49EA-8C91-444E1CB0BCAE}.Release|Any CPU.ActiveCfg = Release|Any CPU
		{C1F77D4D-F813-49EA-8C91-444E1CB0BCAE}.Release|Any CPU.Build.0 = Release|Any CPU
	EndGlobalSection
	GlobalSection(SolutionProperties) = preSolution
		HideSolutionNode = FALSE
	EndGlobalSection
	GlobalSection(ExtensibilityGlobals) = postSolution
		SolutionGuid = {004839E2-69CB-4B4E-BB23-0D0055E5D41B}
	EndGlobalSection
EndGlobal
